# This file is automatically @generated by Cargo.
# It is not intended for manual editing.
version = 3

[[package]]
name = "alembers"
version = "0.1.0"
dependencies = [
 "alembers_ast",
 "alembers_lexer",
]

[[package]]
name = "alembers_ast"
version = "0.1.0"
dependencies = [
 "alembers_common",
]

[[package]]
name = "alembers_common"
version = "0.1.0"

[[package]]
name = "alembers_lexer"
version = "0.1.0"
dependencies = [
 "alembers_common",
]
